# THIS IS AN AUTOGENERATED FILE. DO NOT EDIT THIS FILE DIRECTLY.
# yarn lockfile v1


"@juggle/resize-observer@^3.4.0":
  version "3.4.0"
  resolved "https://registry.yarnpkg.com/@juggle/resize-observer/-/resize-observer-3.4.0.tgz#08d6c5e20cf7e4cc02fd181c4b0c225cd31dbb60"
  integrity sha512-dfLbk+PwWvFzSxwk3n5ySL0hfBog779o8h68wK/7/APo/7cgyWp5jcXockbxdk5kFRkbeXWm4Fbi9FrdN381sA==

compute-scroll-into-view@^3.0.2:
  version "3.1.0"
  resolved "https://registry.yarnpkg.com/compute-scroll-into-view/-/compute-scroll-into-view-3.1.0.tgz#753f11d972596558d8fe7c6bcbc8497690ab4c87"
  integrity sha512-rj8l8pD4bJ1nx+dAkMhV1xB5RuZEyVysfxJqB1pRchh1KVvwOv9b7CGB8ZfjTImVv2oF+sYMUkMZq6Na5Ftmbg==

direction@^1.0.4:
  version "1.0.4"
  resolved "https://registry.yarnpkg.com/direction/-/direction-1.0.4.tgz#2b86fb686967e987088caf8b89059370d4837442"
  integrity sha512-GYqKi1aH7PJXxdhTeZBFrg8vUBeKXi+cNprXsC1kpJcbcVnV9wBsrOu1cQEdG0WeQwlfHiy3XvnKfIrJ2R0NzQ==

immer@^10.0.3:
  version "10.0.3"
  resolved "https://registry.yarnpkg.com/immer/-/immer-10.0.3.tgz#a8de42065e964aa3edf6afc282dfc7f7f34ae3c9"
  integrity sha512-pwupu3eWfouuaowscykeckFmVTpqbzW+rXFCX8rQLkZzM9ftBmU/++Ra+o+L27mz03zJTlyV4UUr+fdKNffo4A==

is-hotkey@^0.2.0:
  version "0.2.0"
  resolved "https://registry.yarnpkg.com/is-hotkey/-/is-hotkey-0.2.0.tgz#1835a68171a91e5c9460869d96336947c8340cef"
  integrity sha512-UknnZK4RakDmTgz4PI1wIph5yxSs/mvChWs9ifnlXsKuXgWmOkY/hAE0H/k2MIqH0RlRye0i1oC07MCRSD28Mw==

is-plain-object@^5.0.0:
  version "5.0.0"
  resolved "https://registry.yarnpkg.com/is-plain-object/-/is-plain-object-5.0.0.tgz#4427f50ab3429e9025ea7d52e9043a9ef4159344"
  integrity sha512-VRSzKkbMm5jMDoKLbltAkFQ5Qr7VDiTFGXxYFXXowVj387GeGNOCsOH6Msy00SGZ3Fp84b1Naa1psqgcCIEP5Q==

lodash@^4.17.21:
  version "4.17.21"
  resolved "https://registry.yarnpkg.com/lodash/-/lodash-4.17.21.tgz#679591c564c3bffaae8454cf0b3df370c3d6911c"
  integrity sha512-v2kDEe57lecTulaDIuNTPy3Ry4gLGJ6Z1O3vE1krgXZNrsQ+LFTGHVxVjcXPs17LhbZVGedAJv8XZ1tvj5FvSg==

scroll-into-view-if-needed@^3.1.0:
  version "3.1.0"
  resolved "https://registry.yarnpkg.com/scroll-into-view-if-needed/-/scroll-into-view-if-needed-3.1.0.tgz#fa9524518c799b45a2ef6bbffb92bcad0296d01f"
  integrity sha512-49oNpRjWRvnU8NyGVmUaYG4jtTkNonFZI86MmGRDqBphEK2EXT9gdEUoQPZhuBM8yWHxCWbobltqYO5M4XrUvQ==
  dependencies:
    compute-scroll-into-view "^3.0.2"

slate-dom@0.112.2:
  version "0.112.2"
  resolved "https://artifactory.rbx.com/artifactory/api/npm/npm-all/slate-dom/-/slate-dom-0.112.2.tgz#216d89c39cb6fbb296b31c1ca03a931c451d5f57"
  integrity sha512-cozITMlpcBxrov854reM6+TooiHiqpfM/nZPrnjpN1wSiDsAQmYbWUyftC+jlwcpFj80vywfDHzlG6hXIc5h6A==
  dependencies:
    "@juggle/resize-observer" "^3.4.0"
    direction "^1.0.4"
    is-hotkey "^0.2.0"
    is-plain-object "^5.0.0"
    lodash "^4.17.21"
    scroll-into-view-if-needed "^3.1.0"
    tiny-invariant "1.3.1"

slate-react@0.112.1:
  version "0.112.1"
  resolved "https://artifactory.rbx.com/artifactory/api/npm/npm-all/slate-react/-/slate-react-0.112.1.tgz#9d651d2132b86828fa8b55db0d58d2907e022414"
  integrity sha512-V9b+waxPweXqAkSQmKQ1afG4Me6nVQACPpxQtHPIX02N7MXa5f5WilYv+bKt7vKKw+IZC2F0Gjzhv5BekVgP/A==
  dependencies:
    "@juggle/resize-observer" "^3.4.0"
    direction "^1.0.4"
    is-hotkey "^0.2.0"
    is-plain-object "^5.0.0"
    lodash "^4.17.21"
    scroll-into-view-if-needed "^3.1.0"
    tiny-invariant "1.3.1"

slate@0.112.0:
  version "0.112.0"
  resolved "https://artifactory.rbx.com/artifactory/api/npm/npm-all/slate/-/slate-0.112.0.tgz#674092eccd89951201bc859e0eeb1216d2a0b752"
  integrity sha512-PRnfFgDA3tSop4OH47zu4M1R4Uuhm/AmASu29Qp7sGghVFb713kPBKEnSf1op7Lx/nCHkRlCa3ThfHtCBy+5Yw==
  dependencies:
    immer "^10.0.3"
    is-plain-object "^5.0.0"
    tiny-warning "^1.0.3"

tiny-invariant@1.3.1:
  version "1.3.1"
  resolved "https://registry.yarnpkg.com/tiny-invariant/-/tiny-invariant-1.3.1.tgz#8560808c916ef02ecfd55e66090df23a4b7aa642"
  integrity sha512-AD5ih2NlSssTCwsMznbvwMZpJ1cbhkGd2uueNxzv2jDlEeZdU04JQfRnggJQ8DrcVBGjAsCKwFBbDlVNtEMlzw==

tiny-warning@^1.0.3:
  version "1.0.3"
  resolved "https://registry.yarnpkg.com/tiny-warning/-/tiny-warning-1.0.3.tgz#94a30db453df4c643d0fd566060d60a875d84754"
  integrity sha512-lBN9zLN/oAf68o3zNXYrdCt1kP8WsiGW8Oo2ka41b2IM5JL/S1CTyX1rW0mb/zSuJun0ZUrDxx4sqvYS2FWzPA==
